
Microsoft Visual Studio Solution File, Format Version 12.00
# Visual Studio Version 17
VisualStudioVersion = 17.0.31903.59
MinimumVisualStudioVersion = 10.0.40219.1
Project("{FAE04EC0-301F-11D3-BF4B-00C04F79EFBC}") = "DanmuApi.App", "DanmuApi.App\DanmuApi.App.csproj", "{65C6D4BF-2421-403A-A80A-0AFDC0835E39}"
EndProject
Project("{FAE04EC0-301F-11D3-BF4B-00C04F79EFBC}") = "DanmuApi.Runtime", "DanmuApi.Runtime\DanmuApi.Runtime.csproj", "{A7B62994-86C8-4C0C-80C9-63A71C86F2B3}"
EndProject
Project("{FAE04EC0-301F-11D3-BF4B-00C04F79EFBC}") = "DanmuApi.Core", "DanmuApi.Core\DanmuApi.Core.csproj", "{491A9C8F-DF9C-4531-BAE4-7042494125D8}"
EndProject
Project("{FAE04EC0-301F-11D3-BF4B-00C04F79EFBC}") = "DanmuApi.Platform", "DanmuApi.Platform\DanmuApi.Platform.csproj", "{347DE85E-5E10-473F-A81E-942B789B162B}"
EndProject
Project("{FAE04EC0-301F-11D3-BF4B-00C04F79EFBC}") = "DanmuApi.Tests", "DanmuApi.Tests\DanmuApi.Tests.csproj", "{99665671-17C9-4551-AFA9-3EC12AB9257A}"
EndProject
Global
	GlobalSection(SolutionConfigurationPlatforms) = preSolution
		Debug|Any CPU = Debug|Any CPU
		Release|Any CPU = Release|Any CPU
	EndGlobalSection
	GlobalSection(SolutionProperties) = preSolution
		HideSolutionNode = FALSE
	EndGlobalSection
	GlobalSection(ProjectConfigurationPlatforms) = postSolution
		{65C6D4BF-2421-403A-A80A-0AFDC0835E39}.Debug|Any CPU.ActiveCfg = Debug|Any CPU
		{65C6D4BF-2421-403A-A80A-0AFDC0835E39}.Debug|Any CPU.Build.0 = Debug|Any CPU
		{65C6D4BF-2421-403A-A80A-0AFDC0835E39}.Release|Any CPU.ActiveCfg = Release|Any CPU
		{65C6D4BF-2421-403A-A80A-0AFDC0835E39}.Release|Any CPU.Build.0 = Release|Any CPU
		{A7B62994-86C8-4C0C-80C9-63A71C86F2B3}.Debug|Any CPU.ActiveCfg = Debug|Any CPU
		{A7B62994-86C8-4C0C-80C9-63A71C86F2B3}.Debug|Any CPU.Build.0 = Debug|Any CPU
		{A7B62994-86C8-4C0C-80C9-63A71C86F2B3}.Release|Any CPU.ActiveCfg = Release|Any CPU
		{A7B62994-86C8-4C0C-80C9-63A71C86F2B3}.Release|Any CPU.Build.0 = Release|Any CPU
		{491A9C8F-DF9C-4531-BAE4-7042494125D8}.Debug|Any CPU.ActiveCfg = Debug|Any CPU
		{491A9C8F-DF9C-4531-BAE4-7042494125D8}.Debug|Any CPU.Build.0 = Debug|Any CPU
		{491A9C8F-DF9C-4531-BAE4-7042494125D8}.Release|Any CPU.ActiveCfg = Release|Any CPU
		{491A9C8F-DF9C-4531-BAE4-7042494125D8}.Release|Any CPU.Build.0 = Release|Any CPU
		{347DE85E-5E10-473F-A81E-942B789B162B}.Debug|Any CPU.ActiveCfg = Debug|Any CPU
		{347DE85E-5E10-473F-A81E-942B789B162B}.Debug|Any CPU.Build.0 = Debug|Any CPU
		{347DE85E-5E10-473F-A81E-942B789B162B}.Release|Any CPU.ActiveCfg = Release|Any CPU
		{347DE85E-5E10-473F-A81E-942B789B162B}.Release|Any CPU.Build.0 = Release|Any CPU
		{99665671-17C9-4551-AFA9-3EC12AB9257A}.Debug|Any CPU.ActiveCfg = Debug|Any CPU
		{99665671-17C9-4551-AFA9-3EC12AB9257A}.Debug|Any CPU.Build.0 = Debug|Any CPU
		{99665671-17C9-4551-AFA9-3EC12AB9257A}.Release|Any CPU.ActiveCfg = Release|Any CPU
		{99665671-17C9-4551-AFA9-3EC12AB9257A}.Release|Any CPU.Build.0 = Release|Any CPU
	EndGlobalSection
EndGlobal
